
Microsoft Visual Studio Solution File, Format Version 12.00
# Visual Studio Version 17
VisualStudioVersion = 17.9.34728.123
MinimumVisualStudioVersion = 10.0.40219.1
Project("{FAE04EC0-301F-11D3-BF4B-00C04F79EFBC}") = "ExpsensesAPI", "ExpsensesAPI\ExpsensesAPI.csproj", "{52083A03-BF21-4AD1-83E4-0DE71822B612}"
EndProject
Project("{FAE04EC0-301F-11D3-BF4B-00C04F79EFBC}") = "Expsenses.db", "Expsenses.db\Expsenses.db.csproj", "{A2A6444A-3312-4C92-A464-1693A124126B}"
EndProject
Global
	GlobalSection(SolutionConfigurationPlatforms) = preSolution
		Debug|Any CPU = Debug|Any CPU
		Release|Any CPU = Release|Any CPU
	EndGlobalSection
	GlobalSection(ProjectConfigurationPlatforms) = postSolution
		{52083A03-BF21-4AD1-83E4-0DE71822B612}.Debug|Any CPU.ActiveCfg = Debug|Any CPU
		{52083A03-BF21-4AD1-83E4-0DE71822B612}.Debug|Any CPU.Build.0 = Debug|Any CPU
		{52083A03-BF21-4AD1-83E4-0DE71822B612}.Release|Any CPU.ActiveCfg = Release|Any CPU
		{52083A03-BF21-4AD1-83E4-0DE71822B612}.Release|Any CPU.Build.0 = Release|Any CPU
		{A2A6444A-3312-4C92-A464-1693A124126B}.Debug|Any CPU.ActiveCfg = Debug|Any CPU
		{A2A6444A-3312-4C92-A464-1693A124126B}.Debug|Any CPU.Build.0 = Debug|Any CPU
		{A2A6444A-3312-4C92-A464-1693A124126B}.Release|Any CPU.ActiveCfg = Release|Any CPU
		{A2A6444A-3312-4C92-A464-1693A124126B}.Release|Any CPU.Build.0 = Release|Any CPU
	EndGlobalSection
	GlobalSection(SolutionProperties) = preSolution
		HideSolutionNode = FALSE
	EndGlobalSection
	GlobalSection(ExtensibilityGlobals) = postSolution
		SolutionGuid = {B7E6ADC0-AA91-400D-8EA1-B3501CD7CDB3}
	EndGlobalSection
EndGlobal
